
Microsoft Visual Studio Solution File, Format Version 12.00
# Visual Studio Version 17
VisualStudioVersion = 17.0.31903.59
MinimumVisualStudioVersion = 10.0.40219.1
Project("{2150E333-8FDC-42A3-9474-1A3956D46DE8}") = "src", "src", "{827E0CD3-B72D-47B6-A68D-7590B98EB39B}"
EndProject
Project("{FAE04EC0-301F-11D3-BF4B-00C04F79EFBC}") = "DigitalisationERP.Core", "src\DigitalisationERP.Core\DigitalisationERP.Core.csproj", "{D97B94E1-B031-4613-A6DE-7D9E70A3DFA6}"
EndProject
Project("{FAE04EC0-301F-11D3-BF4B-00C04F79EFBC}") = "DigitalisationERP.Application", "src\DigitalisationERP.Application\DigitalisationERP.Application.csproj", "{C492DEF2-58AE-4DCB-8128-8121D169E206}"
EndProject
Project("{FAE04EC0-301F-11D3-BF4B-00C04F79EFBC}") = "DigitalisationERP.Infrastructure", "src\DigitalisationERP.Infrastructure\DigitalisationERP.Infrastructure.csproj", "{A081E94E-CFED-44C8-B275-D78C13E58E78}"
EndProject
Project("{FAE04EC0-301F-11D3-BF4B-00C04F79EFBC}") = "DigitalisationERP.API", "src\DigitalisationERP.API\DigitalisationERP.API.csproj", "{24462F44-0E0D-4A2A-85D9-729AAEC3BB06}"
EndProject
Project("{FAE04EC0-301F-11D3-BF4B-00C04F79EFBC}") = "DigitalisationERP.Desktop", "src\DigitalisationERP.Desktop\DigitalisationERP.Desktop.csproj", "{9839FF2B-11E2-4374-BB81-1AC493FF5FA4}"
EndProject
Project("{FAE04EC0-301F-11D3-BF4B-00C04F79EFBC}") = "DigitalisationERP.Domain.Identity", "src\DigitalisationERP.Domain.Identity\DigitalisationERP.Domain.Identity.csproj", "{38316949-AFAF-4494-9849-4F691AB5987C}"
EndProject
Project("{FAE04EC0-301F-11D3-BF4B-00C04F79EFBC}") = "DigitalisationERP.Application.Identity", "src\DigitalisationERP.Application.Identity\DigitalisationERP.Application.Identity.csproj", "{8F49BAF2-2DB8-4FB3-A6BE-B500665DF27B}"
EndProject
Project("{FAE04EC0-301F-11D3-BF4B-00C04F79EFBC}") = "DigitalisationERP.Infrastructure.Identity", "src\DigitalisationERP.Infrastructure.Identity\DigitalisationERP.Infrastructure.Identity.csproj", "{CE128003-4B0D-443E-85AC-01EE6A0F7FF9}"
EndProject
Project("{FAE04EC0-301F-11D3-BF4B-00C04F79EFBC}") = "DigitalisationERP.Launcher", "src\DigitalisationERP.Launcher\DigitalisationERP.Launcher.csproj", "{A1B2C3D4-E5F6-47A8-B9C0-D1E2F3A4B5C6}"
EndProject
Global
	GlobalSection(SolutionConfigurationPlatforms) = preSolution
		Debug|Any CPU = Debug|Any CPU
		Debug|x64 = Debug|x64
		Debug|x86 = Debug|x86
		Release|Any CPU = Release|Any CPU
		Release|x64 = Release|x64
		Release|x86 = Release|x86
	EndGlobalSection
	GlobalSection(ProjectConfigurationPlatforms) = postSolution
		{D97B94E1-B031-4613-A6DE-7D9E70A3DFA6}.Debug|Any CPU.ActiveCfg = Debug|Any CPU
		{D97B94E1-B031-4613-A6DE-7D9E70A3DFA6}.Debug|Any CPU.Build.0 = Debug|Any CPU
		{D97B94E1-B031-4613-A6DE-7D9E70A3DFA6}.Debug|x64.ActiveCfg = Debug|Any CPU
		{D97B94E1-B031-4613-A6DE-7D9E70A3DFA6}.Debug|x64.Build.0 = Debug|Any CPU
		{D97B94E1-B031-4613-A6DE-7D9E70A3DFA6}.Debug|x86.ActiveCfg = Debug|Any CPU
		{D97B94E1-B031-4613-A6DE-7D9E70A3DFA6}.Debug|x86.Build.0 = Debug|Any CPU
		{D97B94E1-B031-4613-A6DE-7D9E70A3DFA6}.Release|Any CPU.ActiveCfg = Release|Any CPU
		{D97B94E1-B031-4613-A6DE-7D9E70A3DFA6}.Release|Any CPU.Build.0 = Release|Any CPU
		{D97B94E1-B031-4613-A6DE-7D9E70A3DFA6}.Release|x64.ActiveCfg = Release|Any CPU
		{D97B94E1-B031-4613-A6DE-7D9E70A3DFA6}.Release|x64.Build.0 = Release|Any CPU
		{D97B94E1-B031-4613-A6DE-7D9E70A3DFA6}.Release|x86.ActiveCfg = Release|Any CPU
		{D97B94E1-B031-4613-A6DE-7D9E70A3DFA6}.Release|x86.Build.0 = Release|Any CPU
		{C492DEF2-58AE-4DCB-8128-8121D169E206}.Debug|Any CPU.ActiveCfg = Debug|Any CPU
		{C492DEF2-58AE-4DCB-8128-8121D169E206}.Debug|Any CPU.Build.0 = Debug|Any CPU
		{C492DEF2-58AE-4DCB-8128-8121D169E206}.Debug|x64.ActiveCfg = Debug|Any CPU
		{C492DEF2-58AE-4DCB-8128-8121D169E206}.Debug|x64.Build.0 = Debug|Any CPU
		{C492DEF2-58AE-4DCB-8128-8121D169E206}.Debug|x86.ActiveCfg = Debug|Any CPU
		{C492DEF2-58AE-4DCB-8128-8121D169E206}.Debug|x86.Build.0 = Debug|Any CPU
		{C492DEF2-58AE-4DCB-8128-8121D169E206}.Release|Any CPU.ActiveCfg = Release|Any CPU
		{C492DEF2-58AE-4DCB-8128-8121D169E206}.Release|Any CPU.Build.0 = Release|Any CPU
		{C492DEF2-58AE-4DCB-8128-8121D169E206}.Release|x64.ActiveCfg = Release|Any CPU
		{C492DEF2-58AE-4DCB-8128-8121D169E206}.Release|x64.Build.0 = Release|Any CPU
		{C492DEF2-58AE-4DCB-8128-8121D169E206}.Release|x86.ActiveCfg = Release|Any CPU
		{C492DEF2-58AE-4DCB-8128-8121D169E206}.Release|x86.Build.0 = Release|Any CPU
		{A081E94E-CFED-44C8-B275-D78C13E58E78}.Debug|Any CPU.ActiveCfg = Debug|Any CPU
		{A081E94E-CFED-44C8-B275-D78C13E58E78}.Debug|Any CPU.Build.0 = Debug|Any CPU
		{A081E94E-CFED-44C8-B275-D78C13E58E78}.Debug|x64.ActiveCfg = Debug|Any CPU
		{A081E94E-CFED-44C8-B275-D78C13E58E78}.Debug|x64.Build.0 = Debug|Any CPU
		{A081E94E-CFED-44C8-B275-D78C13E58E78}.Debug|x86.ActiveCfg = Debug|Any CPU
		{A081E94E-CFED-44C8-B275-D78C13E58E78}.Debug|x86.Build.0 = Debug|Any CPU
		{A081E94E-CFED-44C8-B275-D78C13E58E78}.Release|Any CPU.ActiveCfg = Release|Any CPU
		{A081E94E-CFED-44C8-B275-D78C13E58E78}.Release|Any CPU.Build.0 = Release|Any CPU
		{A081E94E-CFED-44C8-B275-D78C13E58E78}.Release|x64.ActiveCfg = Release|Any CPU
		{A081E94E-CFED-44C8-B275-D78C13E58E78}.Release|x64.Build.0 = Release|Any CPU
		{A081E94E-CFED-44C8-B275-D78C13E58E78}.Release|x86.ActiveCfg = Release|Any CPU
		{A081E94E-CFED-44C8-B275-D78C13E58E78}.Release|x86.Build.0 = Release|Any CPU
		{24462F44-0E0D-4A2A-85D9-729AAEC3BB06}.Debug|Any CPU.ActiveCfg = Debug|Any CPU
		{24462F44-0E0D-4A2A-85D9-729AAEC3BB06}.Debug|Any CPU.Build.0 = Debug|Any CPU
		{24462F44-0E0D-4A2A-85D9-729AAEC3BB06}.Debug|x64.ActiveCfg = Debug|Any CPU
		{24462F44-0E0D-4A2A-85D9-729AAEC3BB06}.Debug|x64.Build.0 = Debug|Any CPU
		{24462F44-0E0D-4A2A-85D9-729AAEC3BB06}.Debug|x86.ActiveCfg = Debug|Any CPU
		{24462F44-0E0D-4A2A-85D9-729AAEC3BB06}.Debug|x86.Build.0 = Debug|Any CPU
		{24462F44-0E0D-4A2A-85D9-729AAEC3BB06}.Release|Any CPU.ActiveCfg = Release|Any CPU
		{24462F44-0E0D-4A2A-85D9-729AAEC3BB06}.Release|Any CPU.Build.0 = Release|Any CPU
		{24462F44-0E0D-4A2A-85D9-729AAEC3BB06}.Release|x64.ActiveCfg = Release|Any CPU
		{24462F44-0E0D-4A2A-85D9-729AAEC3BB06}.Release|x64.Build.0 = Release|Any CPU
		{24462F44-0E0D-4A2A-85D9-729AAEC3BB06}.Release|x86.ActiveCfg = Release|Any CPU
		{24462F44-0E0D-4A2A-85D9-729AAEC3BB06}.Release|x86.Build.0 = Release|Any CPU
		{9839FF2B-11E2-4374-BB81-1AC493FF5FA4}.Debug|Any CPU.ActiveCfg = Debug|Any CPU
		{9839FF2B-11E2-4374-BB81-1AC493FF5FA4}.Debug|Any CPU.Build.0 = Debug|Any CPU
		{9839FF2B-11E2-4374-BB81-1AC493FF5FA4}.Debug|x64.ActiveCfg = Debug|Any CPU
		{9839FF2B-11E2-4374-BB81-1AC493FF5FA4}.Debug|x64.Build.0 = Debug|Any CPU
		{9839FF2B-11E2-4374-BB81-1AC493FF5FA4}.Debug|x86.ActiveCfg = Debug|Any CPU
		{9839FF2B-11E2-4374-BB81-1AC493FF5FA4}.Debug|x86.Build.0 = Debug|Any CPU
		{9839FF2B-11E2-4374-BB81-1AC493FF5FA4}.Release|Any CPU.ActiveCfg = Release|Any CPU
		{9839FF2B-11E2-4374-BB81-1AC493FF5FA4}.Release|Any CPU.Build.0 = Release|Any CPU
		{9839FF2B-11E2-4374-BB81-1AC493FF5FA4}.Release|x64.ActiveCfg = Release|Any CPU
		{9839FF2B-11E2-4374-BB81-1AC493FF5FA4}.Release|x64.Build.0 = Release|Any CPU
		{9839FF2B-11E2-4374-BB81-1AC493FF5FA4}.Release|x86.ActiveCfg = Release|Any CPU
		{9839FF2B-11E2-4374-BB81-1AC493FF5FA4}.Release|x86.Build.0 = Release|Any CPU
		{38316949-AFAF-4494-9849-4F691AB5987C}.Debug|Any CPU.ActiveCfg = Debug|Any CPU
		{38316949-AFAF-4494-9849-4F691AB5987C}.Debug|Any CPU.Build.0 = Debug|Any CPU
		{38316949-AFAF-4494-9849-4F691AB5987C}.Debug|x64.ActiveCfg = Debug|Any CPU
		{38316949-AFAF-4494-9849-4F691AB5987C}.Debug|x64.Build.0 = Debug|Any CPU
		{38316949-AFAF-4494-9849-4F691AB5987C}.Debug|x86.ActiveCfg = Debug|Any CPU
		{38316949-AFAF-4494-9849-4F691AB5987C}.Debug|x86.Build.0 = Debug|Any CPU
		{38316949-AFAF-4494-9849-4F691AB5987C}.Release|Any CPU.ActiveCfg = Release|Any CPU
		{38316949-AFAF-4494-9849-4F691AB5987C}.Release|Any CPU.Build.0 = Release|Any CPU
		{38316949-AFAF-4494-9849-4F691AB5987C}.Release|x64.ActiveCfg = Release|Any CPU
		{38316949-AFAF-4494-9849-4F691AB5987C}.Release|x64.Build.0 = Release|Any CPU
		{38316949-AFAF-4494-9849-4F691AB5987C}.Release|x86.ActiveCfg = Release|Any CPU
		{38316949-AFAF-4494-9849-4F691AB5987C}.Release|x86.Build.0 = Release|Any CPU
		{8F49BAF2-2DB8-4FB3-A6BE-B500665DF27B}.Debug|Any CPU.ActiveCfg = Debug|Any CPU
		{8F49BAF2-2DB8-4FB3-A6BE-B500665DF27B}.Debug|Any CPU.Build.0 = Debug|Any CPU
		{8F49BAF2-2DB8-4FB3-A6BE-B500665DF27B}.Debug|x64.ActiveCfg = Debug|Any CPU
		{8F49BAF2-2DB8-4FB3-A6BE-B500665DF27B}.Debug|x64.Build.0 = Debug|Any CPU
		{8F49BAF2-2DB8-4FB3-A6BE-B500665DF27B}.Debug|x86.ActiveCfg = Debug|Any CPU
		{8F49BAF2-2DB8-4FB3-A6BE-B500665DF27B}.Debug|x86.Build.0 = Debug|Any CPU
		{8F49BAF2-2DB8-4FB3-A6BE-B500665DF27B}.Release|Any CPU.ActiveCfg = Release|Any CPU
		{8F49BAF2-2DB8-4FB3-A6BE-B500665DF27B}.Release|Any CPU.Build.0 = Release|Any CPU
		{8F49BAF2-2DB8-4FB3-A6BE-B500665DF27B}.Release|x64.ActiveCfg = Release|Any CPU
		{8F49BAF2-2DB8-4FB3-A6BE-B500665DF27B}.Release|x64.Build.0 = Release|Any CPU
		{8F49BAF2-2DB8-4FB3-A6BE-B500665DF27B}.Release|x86.ActiveCfg = Release|Any CPU
		{8F49BAF2-2DB8-4FB3-A6BE-B500665DF27B}.Release|x86.Build.0 = Release|Any CPU
		{CE128003-4B0D-443E-85AC-01EE6A0F7FF9}.Debug|Any CPU.ActiveCfg = Debug|Any CPU
		{CE128003-4B0D-443E-85AC-01EE6A0F7FF9}.Debug|Any CPU.Build.0 = Debug|Any CPU
		{CE128003-4B0D-443E-85AC-01EE6A0F7FF9}.Debug|x64.ActiveCfg = Debug|Any CPU
		{CE128003-4B0D-443E-85AC-01EE6A0F7FF9}.Debug|x64.Build.0 = Debug|Any CPU
		{CE128003-4B0D-443E-85AC-01EE6A0F7FF9}.Debug|x86.ActiveCfg = Debug|Any CPU
		{CE128003-4B0D-443E-85AC-01EE6A0F7FF9}.Debug|x86.Build.0 = Debug|Any CPU
		{CE128003-4B0D-443E-85AC-01EE6A0F7FF9}.Release|Any CPU.ActiveCfg = Release|Any CPU
		{CE128003-4B0D-443E-85AC-01EE6A0F7FF9}.Release|Any CPU.Build.0 = Release|Any CPU
		{CE128003-4B0D-443E-85AC-01EE6A0F7FF9}.Release|x64.ActiveCfg = Release|Any CPU
		{CE128003-4B0D-443E-85AC-01EE6A0F7FF9}.Release|x64.Build.0 = Release|Any CPU
		{CE128003-4B0D-443E-85AC-01EE6A0F7FF9}.Release|x86.ActiveCfg = Release|Any CPU
		{CE128003-4B0D-443E-85AC-01EE6A0F7FF9}.Release|x86.Build.0 = Release|Any CPU
		{A1B2C3D4-E5F6-47A8-B9C0-D1E2F3A4B5C6}.Debug|Any CPU.ActiveCfg = Debug|Any CPU
		{A1B2C3D4-E5F6-47A8-B9C0-D1E2F3A4B5C6}.Debug|Any CPU.Build.0 = Debug|Any CPU
		{A1B2C3D4-E5F6-47A8-B9C0-D1E2F3A4B5C6}.Debug|x64.ActiveCfg = Debug|Any CPU
		{A1B2C3D4-E5F6-47A8-B9C0-D1E2F3A4B5C6}.Debug|x64.Build.0 = Debug|Any CPU
		{A1B2C3D4-E5F6-47A8-B9C0-D1E2F3A4B5C6}.Debug|x86.ActiveCfg = Debug|Any CPU
		{A1B2C3D4-E5F6-47A8-B9C0-D1E2F3A4B5C6}.Debug|x86.Build.0 = Debug|Any CPU
		{A1B2C3D4-E5F6-47A8-B9C0-D1E2F3A4B5C6}.Release|Any CPU.ActiveCfg = Release|Any CPU
		{A1B2C3D4-E5F6-47A8-B9C0-D1E2F3A4B5C6}.Release|Any CPU.Build.0 = Release|Any CPU
		{A1B2C3D4-E5F6-47A8-B9C0-D1E2F3A4B5C6}.Release|x64.ActiveCfg = Release|Any CPU
		{A1B2C3D4-E5F6-47A8-B9C0-D1E2F3A4B5C6}.Release|x64.Build.0 = Release|Any CPU
		{A1B2C3D4-E5F6-47A8-B9C0-D1E2F3A4B5C6}.Release|x86.ActiveCfg = Release|Any CPU
		{A1B2C3D4-E5F6-47A8-B9C0-D1E2F3A4B5C6}.Release|x86.Build.0 = Release|Any CPU
	EndGlobalSection
	GlobalSection(SolutionProperties) = preSolution
		HideSolutionNode = FALSE
	EndGlobalSection
	GlobalSection(NestedProjects) = preSolution
		{D97B94E1-B031-4613-A6DE-7D9E70A3DFA6} = {827E0CD3-B72D-47B6-A68D-7590B98EB39B}
		{C492DEF2-58AE-4DCB-8128-8121D169E206} = {827E0CD3-B72D-47B6-A68D-7590B98EB39B}
		{A081E94E-CFED-44C8-B275-D78C13E58E78} = {827E0CD3-B72D-47B6-A68D-7590B98EB39B}
		{24462F44-0E0D-4A2A-85D9-729AAEC3BB06} = {827E0CD3-B72D-47B6-A68D-7590B98EB39B}
		{9839FF2B-11E2-4374-BB81-1AC493FF5FA4} = {827E0CD3-B72D-47B6-A68D-7590B98EB39B}
		{38316949-AFAF-4494-9849-4F691AB5987C} = {827E0CD3-B72D-47B6-A68D-7590B98EB39B}
		{8F49BAF2-2DB8-4FB3-A6BE-B500665DF27B} = {827E0CD3-B72D-47B6-A68D-7590B98EB39B}
		{CE128003-4B0D-443E-85AC-01EE6A0F7FF9} = {827E0CD3-B72D-47B6-A68D-7590B98EB39B}
		{A1B2C3D4-E5F6-47A8-B9C0-D1E2F3A4B5C6} = {827E0CD3-B72D-47B6-A68D-7590B98EB39B}
	EndGlobalSection
EndGlobal
